
Microsoft Visual Studio Solution File, Format Version 12.00
# Visual Studio 2012
Project("{FAE04EC0-301F-11D3-BF4B-00C04F79EFBC}") = "Matna", "Matna\Matna.csproj", "{19F93E9F-D8E9-4C78-8CC3-308116CC5464}"
EndProject
Project("{FAE04EC0-301F-11D3-BF4B-00C04F79EFBC}") = "Matna.iOS", "iOS\Matna.iOS.csproj", "{38940517-401D-4839-942B-3172A9670F73}"
EndProject
Project("{FAE04EC0-301F-11D3-BF4B-00C04F79EFBC}") = "Matna.Droid", "Droid\Matna.Droid.csproj", "{41C6B466-00BE-467D-AC93-59BF537BB531}"
EndProject
Project("{FAE04EC0-301F-11D3-BF4B-00C04F79EFBC}") = "Matna.UITests", "UITests\Matna.UITests.csproj", "{8D2795AC-FA3C-4DA8-B418-EEA9F3497791}"
EndProject
Global
	GlobalSection(SolutionConfigurationPlatforms) = preSolution
		Debug|Any CPU = Debug|Any CPU
		Release|Any CPU = Release|Any CPU
	EndGlobalSection
	GlobalSection(ProjectConfigurationPlatforms) = postSolution
		{19F93E9F-D8E9-4C78-8CC3-308116CC5464}.Debug|Any CPU.ActiveCfg = Debug|Any CPU
		{19F93E9F-D8E9-4C78-8CC3-308116CC5464}.Debug|Any CPU.Build.0 = Debug|Any CPU
		{19F93E9F-D8E9-4C78-8CC3-308116CC5464}.Release|Any CPU.ActiveCfg = Release|Any CPU
		{19F93E9F-D8E9-4C78-8CC3-308116CC5464}.Release|Any CPU.Build.0 = Release|Any CPU
		{38940517-401D-4839-942B-3172A9670F73}.Debug|Any CPU.ActiveCfg = Debug|iPhone
		{38940517-401D-4839-942B-3172A9670F73}.Debug|Any CPU.Build.0 = Debug|iPhone
		{38940517-401D-4839-942B-3172A9670F73}.Release|Any CPU.ActiveCfg = Release|iPhone
		{38940517-401D-4839-942B-3172A9670F73}.Release|Any CPU.Build.0 = Release|iPhone
		{38940517-401D-4839-942B-3172A9670F73}.Release|iPhone.ActiveCfg = Release|iPhone
		{38940517-401D-4839-942B-3172A9670F73}.Release|iPhone.Build.0 = Release|iPhone
		{41C6B466-00BE-467D-AC93-59BF537BB531}.Debug|Any CPU.ActiveCfg = Debug|Any CPU
		{41C6B466-00BE-467D-AC93-59BF537BB531}.Debug|Any CPU.Build.0 = Debug|Any CPU
		{41C6B466-00BE-467D-AC93-59BF537BB531}.Release|Any CPU.ActiveCfg = Release|Any CPU
		{41C6B466-00BE-467D-AC93-59BF537BB531}.Release|Any CPU.Build.0 = Release|Any CPU
		{8D2795AC-FA3C-4DA8-B418-EEA9F3497791}.Debug|Any CPU.ActiveCfg = Debug|Any CPU
		{8D2795AC-FA3C-4DA8-B418-EEA9F3497791}.Debug|Any CPU.Build.0 = Debug|Any CPU
		{8D2795AC-FA3C-4DA8-B418-EEA9F3497791}.Release|Any CPU.ActiveCfg = Release|Any CPU
		{8D2795AC-FA3C-4DA8-B418-EEA9F3497791}.Release|Any CPU.Build.0 = Release|Any CPU
	EndGlobalSection
EndGlobal
